
Microsoft Visual Studio Solution File, Format Version 12.00
# Visual Studio Version 16
VisualStudioVersion = 16.0.30413.136
MinimumVisualStudioVersion = 10.0.40219.1
Project("{FAE04EC0-301F-11D3-BF4B-00C04F79EFBC}") = "MO LAB_1", "MO LAB_1.csproj", "{102A3AF1-7BF2-42CF-82B4-5217A15B0349}"
EndProject
Global
	GlobalSection(SolutionConfigurationPlatforms) = preSolution
		Debug|Any CPU = Debug|Any CPU
		Release|Any CPU = Release|Any CPU
	EndGlobalSection
	GlobalSection(ProjectConfigurationPlatforms) = postSolution
		{102A3AF1-7BF2-42CF-82B4-5217A15B0349}.Debug|Any CPU.ActiveCfg = Debug|Any CPU
		{102A3AF1-7BF2-42CF-82B4-5217A15B0349}.Debug|Any CPU.Build.0 = Debug|Any CPU
		{102A3AF1-7BF2-42CF-82B4-5217A15B0349}.Release|Any CPU.ActiveCfg = Release|Any CPU
		{102A3AF1-7BF2-42CF-82B4-5217A15B0349}.Release|Any CPU.Build.0 = Release|Any CPU
	EndGlobalSection
	GlobalSection(SolutionProperties) = preSolution
		HideSolutionNode = FALSE
	EndGlobalSection
	GlobalSection(ExtensibilityGlobals) = postSolution
		SolutionGuid = {643F9F97-AAF0-4B75-AD68-C5610CEA7445}
	EndGlobalSection
EndGlobal
